
Microsoft Visual Studio Solution File, Format Version 12.00
# Visual Studio Version 17
VisualStudioVersion = 17.5.33627.172
MinimumVisualStudioVersion = 10.0.40219.1
Project("{9A19103F-16F7-4668-BE54-9A1E7A4F7556}") = "RadancyBankingSystem", "RadancyBankingSystem\RadancyBankingSystem.csproj", "{DD3A8928-D534-4427-A7E4-66E7DFCBCFD6}"
EndProject
Project("{FAE04EC0-301F-11D3-BF4B-00C04F79EFBC}") = "RadancyBankingSystem.Test", "RadancyBankingSystem.Test\RadancyBankingSystem.Test.csproj", "{F79630C3-8CE8-44DE-B7AB-F8CDB5EB0EC3}"
EndProject
Global
	GlobalSection(SolutionConfigurationPlatforms) = preSolution
		Debug|Any CPU = Debug|Any CPU
		Release|Any CPU = Release|Any CPU
	EndGlobalSection
	GlobalSection(ProjectConfigurationPlatforms) = postSolution
		{DD3A8928-D534-4427-A7E4-66E7DFCBCFD6}.Debug|Any CPU.ActiveCfg = Debug|Any CPU
		{DD3A8928-D534-4427-A7E4-66E7DFCBCFD6}.Debug|Any CPU.Build.0 = Debug|Any CPU
		{DD3A8928-D534-4427-A7E4-66E7DFCBCFD6}.Release|Any CPU.ActiveCfg = Release|Any CPU
		{DD3A8928-D534-4427-A7E4-66E7DFCBCFD6}.Release|Any CPU.Build.0 = Release|Any CPU
		{F79630C3-8CE8-44DE-B7AB-F8CDB5EB0EC3}.Debug|Any CPU.ActiveCfg = Debug|Any CPU
		{F79630C3-8CE8-44DE-B7AB-F8CDB5EB0EC3}.Debug|Any CPU.Build.0 = Debug|Any CPU
		{F79630C3-8CE8-44DE-B7AB-F8CDB5EB0EC3}.Release|Any CPU.ActiveCfg = Release|Any CPU
		{F79630C3-8CE8-44DE-B7AB-F8CDB5EB0EC3}.Release|Any CPU.Build.0 = Release|Any CPU
	EndGlobalSection
	GlobalSection(SolutionProperties) = preSolution
		HideSolutionNode = FALSE
	EndGlobalSection
	GlobalSection(ExtensibilityGlobals) = postSolution
		SolutionGuid = {65A92BA0-66BC-49E2-AB01-CAC8F839A11B}
	EndGlobalSection
EndGlobal
